
Microsoft Visual Studio Solution File, Format Version 12.00
# Visual Studio 15
VisualStudioVersion = 15.0.28307.705
MinimumVisualStudioVersion = 10.0.40219.1
Project("{FAE04EC0-301F-11D3-BF4B-00C04F79EFBC}") = "SANNET", "SANNET\SANNET.csproj", "{7CDD5073-E69C-4896-9C53-7598EC644373}"
EndProject
Project("{FAE04EC0-301F-11D3-BF4B-00C04F79EFBC}") = "SANNET.DataModel", "SANNET.DataModel\SANNET.DataModel.csproj", "{FC1EAD7C-6004-4033-946A-5ACCA614CAD1}"
EndProject
Project("{FAE04EC0-301F-11D3-BF4B-00C04F79EFBC}") = "SANNET.DataModel.Tests", "SANNET.DataModel.Tests\SANNET.DataModel.Tests.csproj", "{E94BB906-6733-42DF-8B32-5D8531DF9B43}"
EndProject
Project("{FAE04EC0-301F-11D3-BF4B-00C04F79EFBC}") = "StockMarket.DataModel", "..\StockMarket.Generic\StockMarket.DataModel\StockMarket.DataModel.csproj", "{6EC15FB7-894B-475C-BA2A-FB556D9D9832}"
EndProject
Project("{FAE04EC0-301F-11D3-BF4B-00C04F79EFBC}") = "StockMarket.DataModel.Test", "..\StockMarket.Generic\StockMarket.DataModel.Test\StockMarket.DataModel.Test.csproj", "{30505D26-76E1-4B68-B762-71B6A7B263D3}"
EndProject
Project("{FAE04EC0-301F-11D3-BF4B-00C04F79EFBC}") = "SANNET.Business", "SANNET.Business\SANNET.Business.csproj", "{72C91EA3-6864-450A-B857-04451948101F}"
EndProject
Project("{FAE04EC0-301F-11D3-BF4B-00C04F79EFBC}") = "Framework.Generic", "..\Framework.Generic\Framework.Generic\Framework.Generic.csproj", "{90236CE3-7B97-457A-8BC2-9ACAED973488}"
EndProject
Project("{FAE04EC0-301F-11D3-BF4B-00C04F79EFBC}") = "Framework.Generic.Tests", "..\Framework.Generic\Framework.Generic.Tests\Framework.Generic.Tests.csproj", "{78DD3503-2D8E-492B-93D5-771C68ED5A63}"
EndProject
Project("{FAE04EC0-301F-11D3-BF4B-00C04F79EFBC}") = "NeuralNetwork.Generic", "..\NeuralNetwork.Generic\NeuralNetwork.Generic\NeuralNetwork.Generic.csproj", "{A5B43882-B231-404B-82FE-C5F5E0DC15D2}"
EndProject
Project("{FAE04EC0-301F-11D3-BF4B-00C04F79EFBC}") = "NeuralNetwork.Generic.Test", "..\NeuralNetwork.Generic\NeuralNetwork.Generic.Test\NeuralNetwork.Generic.Test.csproj", "{F56C76B5-D5BF-44EE-A90E-41B50448F936}"
EndProject
Project("{FAE04EC0-301F-11D3-BF4B-00C04F79EFBC}") = "StockMarket.Generic", "..\StockMarket.Generic\StockMarket.Generic\StockMarket.Generic.csproj", "{6BF1D85B-51F7-471E-8EE3-438E76D832B6}"
EndProject
Project("{FAE04EC0-301F-11D3-BF4B-00C04F79EFBC}") = "StockMarket.Generic.Test", "..\StockMarket.Generic\StockMarket.Generic.Test\StockMarket.Generic.Test.csproj", "{E354F263-E06F-4C1F-B427-1B83662E85EB}"
EndProject
Global
	GlobalSection(SolutionConfigurationPlatforms) = preSolution
		Debug|Any CPU = Debug|Any CPU
		Release|Any CPU = Release|Any CPU
	EndGlobalSection
	GlobalSection(ProjectConfigurationPlatforms) = postSolution
		{7CDD5073-E69C-4896-9C53-7598EC644373}.Debug|Any CPU.ActiveCfg = Debug|Any CPU
		{7CDD5073-E69C-4896-9C53-7598EC644373}.Debug|Any CPU.Build.0 = Debug|Any CPU
		{7CDD5073-E69C-4896-9C53-7598EC644373}.Release|Any CPU.ActiveCfg = Release|Any CPU
		{7CDD5073-E69C-4896-9C53-7598EC644373}.Release|Any CPU.Build.0 = Release|Any CPU
		{FC1EAD7C-6004-4033-946A-5ACCA614CAD1}.Debug|Any CPU.ActiveCfg = Debug|Any CPU
		{FC1EAD7C-6004-4033-946A-5ACCA614CAD1}.Debug|Any CPU.Build.0 = Debug|Any CPU
		{FC1EAD7C-6004-4033-946A-5ACCA614CAD1}.Release|Any CPU.ActiveCfg = Release|Any CPU
		{FC1EAD7C-6004-4033-946A-5ACCA614CAD1}.Release|Any CPU.Build.0 = Release|Any CPU
		{E94BB906-6733-42DF-8B32-5D8531DF9B43}.Debug|Any CPU.ActiveCfg = Debug|Any CPU
		{E94BB906-6733-42DF-8B32-5D8531DF9B43}.Debug|Any CPU.Build.0 = Debug|Any CPU
		{E94BB906-6733-42DF-8B32-5D8531DF9B43}.Release|Any CPU.ActiveCfg = Release|Any CPU
		{E94BB906-6733-42DF-8B32-5D8531DF9B43}.Release|Any CPU.Build.0 = Release|Any CPU
		{6EC15FB7-894B-475C-BA2A-FB556D9D9832}.Debug|Any CPU.ActiveCfg = Debug|Any CPU
		{6EC15FB7-894B-475C-BA2A-FB556D9D9832}.Debug|Any CPU.Build.0 = Debug|Any CPU
		{6EC15FB7-894B-475C-BA2A-FB556D9D9832}.Release|Any CPU.ActiveCfg = Release|Any CPU
		{6EC15FB7-894B-475C-BA2A-FB556D9D9832}.Release|Any CPU.Build.0 = Release|Any CPU
		{30505D26-76E1-4B68-B762-71B6A7B263D3}.Debug|Any CPU.ActiveCfg = Debug|Any CPU
		{30505D26-76E1-4B68-B762-71B6A7B263D3}.Debug|Any CPU.Build.0 = Debug|Any CPU
		{30505D26-76E1-4B68-B762-71B6A7B263D3}.Release|Any CPU.ActiveCfg = Release|Any CPU
		{30505D26-76E1-4B68-B762-71B6A7B263D3}.Release|Any CPU.Build.0 = Release|Any CPU
		{72C91EA3-6864-450A-B857-04451948101F}.Debug|Any CPU.ActiveCfg = Debug|Any CPU
		{72C91EA3-6864-450A-B857-04451948101F}.Debug|Any CPU.Build.0 = Debug|Any CPU
		{72C91EA3-6864-450A-B857-04451948101F}.Release|Any CPU.ActiveCfg = Release|Any CPU
		{72C91EA3-6864-450A-B857-04451948101F}.Release|Any CPU.Build.0 = Release|Any CPU
		{90236CE3-7B97-457A-8BC2-9ACAED973488}.Debug|Any CPU.ActiveCfg = Debug|Any CPU
		{90236CE3-7B97-457A-8BC2-9ACAED973488}.Debug|Any CPU.Build.0 = Debug|Any CPU
		{90236CE3-7B97-457A-8BC2-9ACAED973488}.Release|Any CPU.ActiveCfg = Release|Any CPU
		{90236CE3-7B97-457A-8BC2-9ACAED973488}.Release|Any CPU.Build.0 = Release|Any CPU
		{78DD3503-2D8E-492B-93D5-771C68ED5A63}.Debug|Any CPU.ActiveCfg = Debug|Any CPU
		{78DD3503-2D8E-492B-93D5-771C68ED5A63}.Debug|Any CPU.Build.0 = Debug|Any CPU
		{78DD3503-2D8E-492B-93D5-771C68ED5A63}.Release|Any CPU.ActiveCfg = Release|Any CPU
		{78DD3503-2D8E-492B-93D5-771C68ED5A63}.Release|Any CPU.Build.0 = Release|Any CPU
		{A5B43882-B231-404B-82FE-C5F5E0DC15D2}.Debug|Any CPU.ActiveCfg = Debug|Any CPU
		{A5B43882-B231-404B-82FE-C5F5E0DC15D2}.Debug|Any CPU.Build.0 = Debug|Any CPU
		{A5B43882-B231-404B-82FE-C5F5E0DC15D2}.Release|Any CPU.ActiveCfg = Release|Any CPU
		{A5B43882-B231-404B-82FE-C5F5E0DC15D2}.Release|Any CPU.Build.0 = Release|Any CPU
		{F56C76B5-D5BF-44EE-A90E-41B50448F936}.Debug|Any CPU.ActiveCfg = Debug|Any CPU
		{F56C76B5-D5BF-44EE-A90E-41B50448F936}.Debug|Any CPU.Build.0 = Debug|Any CPU
		{F56C76B5-D5BF-44EE-A90E-41B50448F936}.Release|Any CPU.ActiveCfg = Release|Any CPU
		{F56C76B5-D5BF-44EE-A90E-41B50448F936}.Release|Any CPU.Build.0 = Release|Any CPU
		{6BF1D85B-51F7-471E-8EE3-438E76D832B6}.Debug|Any CPU.ActiveCfg = Debug|Any CPU
		{6BF1D85B-51F7-471E-8EE3-438E76D832B6}.Debug|Any CPU.Build.0 = Debug|Any CPU
		{6BF1D85B-51F7-471E-8EE3-438E76D832B6}.Release|Any CPU.ActiveCfg = Release|Any CPU
		{6BF1D85B-51F7-471E-8EE3-438E76D832B6}.Release|Any CPU.Build.0 = Release|Any CPU
		{E354F263-E06F-4C1F-B427-1B83662E85EB}.Debug|Any CPU.ActiveCfg = Debug|Any CPU
		{E354F263-E06F-4C1F-B427-1B83662E85EB}.Debug|Any CPU.Build.0 = Debug|Any CPU
		{E354F263-E06F-4C1F-B427-1B83662E85EB}.Release|Any CPU.ActiveCfg = Release|Any CPU
		{E354F263-E06F-4C1F-B427-1B83662E85EB}.Release|Any CPU.Build.0 = Release|Any CPU
	EndGlobalSection
	GlobalSection(SolutionProperties) = preSolution
		HideSolutionNode = FALSE
	EndGlobalSection
	GlobalSection(ExtensibilityGlobals) = postSolution
		SolutionGuid = {21C0E876-C9E8-4A9B-BE7C-4030BC68F05F}
	EndGlobalSection
EndGlobal
