
Microsoft Visual Studio Solution File, Format Version 12.00
# Visual Studio 15
VisualStudioVersion = 15.0.28307.705
MinimumVisualStudioVersion = 10.0.40219.1
Project("{FAE04EC0-301F-11D3-BF4B-00C04F79EFBC}") = "SANNET", "SANNET\SANNET.csproj", "{7CDD5073-E69C-4896-9C53-7598EC644373}"
EndProject
Project("{FAE04EC0-301F-11D3-BF4B-00C04F79EFBC}") = "SANNET.DataModel", "SANNET.DataModel\SANNET.DataModel.csproj", "{FC1EAD7C-6004-4033-946A-5ACCA614CAD1}"
EndProject
Project("{FAE04EC0-301F-11D3-BF4B-00C04F79EFBC}") = "SANNET.DataModel.Tests", "SANNET.DataModel.Tests\SANNET.DataModel.Tests.csproj", "{E94BB906-6733-42DF-8B32-5D8531DF9B43}"
EndProject
Project("{FAE04EC0-301F-11D3-BF4B-00C04F79EFBC}") = "StockMarket.DataModel", "..\StockMarket.Generic\StockMarket.DataModel\StockMarket.DataModel.csproj", "{6EC15FB7-894B-475C-BA2A-FB556D9D9832}"
EndProject
Project("{FAE04EC0-301F-11D3-BF4B-00C04F79EFBC}") = "StockMarket.DataModel.Test", "..\StockMarket.Generic\StockMarket.DataModel.Test\StockMarket.DataModel.Test.csproj", "{30505D26-76E1-4B68-B762-71B6A7B263D3}"
EndProject
Global
	GlobalSection(SolutionConfigurationPlatforms) = preSolution
		Debug|Any CPU = Debug|Any CPU
		Release|Any CPU = Release|Any CPU
	EndGlobalSection
	GlobalSection(ProjectConfigurationPlatforms) = postSolution
		{7CDD5073-E69C-4896-9C53-7598EC644373}.Debug|Any CPU.ActiveCfg = Debug|Any CPU
		{7CDD5073-E69C-4896-9C53-7598EC644373}.Debug|Any CPU.Build.0 = Debug|Any CPU
		{7CDD5073-E69C-4896-9C53-7598EC644373}.Release|Any CPU.ActiveCfg = Release|Any CPU
		{7CDD5073-E69C-4896-9C53-7598EC644373}.Release|Any CPU.Build.0 = Release|Any CPU
		{FC1EAD7C-6004-4033-946A-5ACCA614CAD1}.Debug|Any CPU.ActiveCfg = Debug|Any CPU
		{FC1EAD7C-6004-4033-946A-5ACCA614CAD1}.Debug|Any CPU.Build.0 = Debug|Any CPU
		{FC1EAD7C-6004-4033-946A-5ACCA614CAD1}.Release|Any CPU.ActiveCfg = Release|Any CPU
		{FC1EAD7C-6004-4033-946A-5ACCA614CAD1}.Release|Any CPU.Build.0 = Release|Any CPU
		{E94BB906-6733-42DF-8B32-5D8531DF9B43}.Debug|Any CPU.ActiveCfg = Debug|Any CPU
		{E94BB906-6733-42DF-8B32-5D8531DF9B43}.Debug|Any CPU.Build.0 = Debug|Any CPU
		{E94BB906-6733-42DF-8B32-5D8531DF9B43}.Release|Any CPU.ActiveCfg = Release|Any CPU
		{E94BB906-6733-42DF-8B32-5D8531DF9B43}.Release|Any CPU.Build.0 = Release|Any CPU
		{6EC15FB7-894B-475C-BA2A-FB556D9D9832}.Debug|Any CPU.ActiveCfg = Debug|Any CPU
		{6EC15FB7-894B-475C-BA2A-FB556D9D9832}.Debug|Any CPU.Build.0 = Debug|Any CPU
		{6EC15FB7-894B-475C-BA2A-FB556D9D9832}.Release|Any CPU.ActiveCfg = Release|Any CPU
		{6EC15FB7-894B-475C-BA2A-FB556D9D9832}.Release|Any CPU.Build.0 = Release|Any CPU
		{30505D26-76E1-4B68-B762-71B6A7B263D3}.Debug|Any CPU.ActiveCfg = Debug|Any CPU
		{30505D26-76E1-4B68-B762-71B6A7B263D3}.Debug|Any CPU.Build.0 = Debug|Any CPU
		{30505D26-76E1-4B68-B762-71B6A7B263D3}.Release|Any CPU.ActiveCfg = Release|Any CPU
		{30505D26-76E1-4B68-B762-71B6A7B263D3}.Release|Any CPU.Build.0 = Release|Any CPU
	EndGlobalSection
	GlobalSection(SolutionProperties) = preSolution
		HideSolutionNode = FALSE
	EndGlobalSection
	GlobalSection(ExtensibilityGlobals) = postSolution
		SolutionGuid = {21C0E876-C9E8-4A9B-BE7C-4030BC68F05F}
	EndGlobalSection
EndGlobal
